
Microsoft Visual Studio Solution File, Format Version 12.00
# Visual Studio 15
VisualStudioVersion = 15.0.27428.2005
MinimumVisualStudioVersion = 10.0.40219.1
Project("{FAE04EC0-301F-11D3-BF4B-00C04F79EFBC}") = "Models", "Models\Models.csproj", "{6EB1A63C-5468-41E9-AAC9-3B678DA9B79C}"
EndProject
Global
	GlobalSection(SolutionConfigurationPlatforms) = preSolution
		Debug|Any CPU = Debug|Any CPU
		Release|Any CPU = Release|Any CPU
	EndGlobalSection
	GlobalSection(ProjectConfigurationPlatforms) = postSolution
		{6EB1A63C-5468-41E9-AAC9-3B678DA9B79C}.Debug|Any CPU.ActiveCfg = Debug|Any CPU
		{6EB1A63C-5468-41E9-AAC9-3B678DA9B79C}.Debug|Any CPU.Build.0 = Debug|Any CPU
		{6EB1A63C-5468-41E9-AAC9-3B678DA9B79C}.Release|Any CPU.ActiveCfg = Release|Any CPU
		{6EB1A63C-5468-41E9-AAC9-3B678DA9B79C}.Release|Any CPU.Build.0 = Release|Any CPU
	EndGlobalSection
	GlobalSection(SolutionProperties) = preSolution
		HideSolutionNode = FALSE
	EndGlobalSection
	GlobalSection(ExtensibilityGlobals) = postSolution
		SolutionGuid = {C4AA0837-6EE7-495E-AFEF-EE88129865C3}
	EndGlobalSection
EndGlobal
